
Microsoft Visual Studio Solution File, Format Version 12.00
# Visual Studio 15
VisualStudioVersion = 15.0.27703.2042
MinimumVisualStudioVersion = 10.0.40219.1
Project("{FAE04EC0-301F-11D3-BF4B-00C04F79EFBC}") = "OstoslistaAPI", "OstoslistaAPI\OstoslistaAPI.csproj", "{CA7C6079-E2E4-45BE-B53D-D7F3681BACB5}"
EndProject
Global
	GlobalSection(SolutionConfigurationPlatforms) = preSolution
		Debug|Any CPU = Debug|Any CPU
		Release|Any CPU = Release|Any CPU
	EndGlobalSection
	GlobalSection(ProjectConfigurationPlatforms) = postSolution
		{CA7C6079-E2E4-45BE-B53D-D7F3681BACB5}.Debug|Any CPU.ActiveCfg = Debug|Any CPU
		{CA7C6079-E2E4-45BE-B53D-D7F3681BACB5}.Debug|Any CPU.Build.0 = Debug|Any CPU
		{CA7C6079-E2E4-45BE-B53D-D7F3681BACB5}.Release|Any CPU.ActiveCfg = Release|Any CPU
		{CA7C6079-E2E4-45BE-B53D-D7F3681BACB5}.Release|Any CPU.Build.0 = Release|Any CPU
	EndGlobalSection
	GlobalSection(SolutionProperties) = preSolution
		HideSolutionNode = FALSE
	EndGlobalSection
	GlobalSection(ExtensibilityGlobals) = postSolution
		SolutionGuid = {A4B32ACA-835E-439C-89D9-62FF2F51EBC2}
	EndGlobalSection
EndGlobal
